
Microsoft Visual Studio Solution File, Format Version 12.00
# Visual Studio Version 16
VisualStudioVersion = 16.0.33529.622
MinimumVisualStudioVersion = 10.0.40219.1
Project("{FAE04EC0-301F-11D3-BF4B-00C04F79EFBC}") = "SoapDemo", "SoapDemo\SoapDemo.csproj", "{C567DCA7-9776-45E2-BC2E-AE6D4EDE888C}"
EndProject
Global
	GlobalSection(SolutionConfigurationPlatforms) = preSolution
		Debug|Any CPU = Debug|Any CPU
		Release|Any CPU = Release|Any CPU
	EndGlobalSection
	GlobalSection(ProjectConfigurationPlatforms) = postSolution
		{C567DCA7-9776-45E2-BC2E-AE6D4EDE888C}.Debug|Any CPU.ActiveCfg = Debug|Any CPU
		{C567DCA7-9776-45E2-BC2E-AE6D4EDE888C}.Debug|Any CPU.Build.0 = Debug|Any CPU
		{C567DCA7-9776-45E2-BC2E-AE6D4EDE888C}.Release|Any CPU.ActiveCfg = Release|Any CPU
		{C567DCA7-9776-45E2-BC2E-AE6D4EDE888C}.Release|Any CPU.Build.0 = Release|Any CPU
	EndGlobalSection
	GlobalSection(SolutionProperties) = preSolution
		HideSolutionNode = FALSE
	EndGlobalSection
	GlobalSection(ExtensibilityGlobals) = postSolution
		SolutionGuid = {03DC537E-191E-4F71-B969-4FE05E3A29B0}
	EndGlobalSection
EndGlobal
